// !$*UTF8*$!
{
	archiveVersion = 1;
	classes = {
	};
	objectVersion = 56;
	objects = {

/* Begin PBXBuildFile section */
		45283FBE2B0E2E940027E9A0 /* AspectVGrid.swift in Sources */ = {isa = PBXBuildFile; fileRef = 45283FBD2B0E2E940027E9A0 /* AspectVGrid.swift */; };
		45283FC02B0E2EBF0027E9A0 /* Card.swift in Sources */ = {isa = PBXBuildFile; fileRef = 45283FBF2B0E2EBF0027E9A0 /* Card.swift */; };
		4554898A2AE00DB200EF47AF /* ShapeView.swift in Sources */ = {isa = PBXBuildFile; fileRef = 455489892AE00DB200EF47AF /* ShapeView.swift */; };
		45550FCE2ADD306500AD97F2 /* SET_App.swift in Sources */ = {isa = PBXBuildFile; fileRef = 45550FCD2ADD306500AD97F2 /* SET_App.swift */; };
		45550FD02ADD306500AD97F2 /* ContentView.swift in Sources */ = {isa = PBXBuildFile; fileRef = 45550FCF2ADD306500AD97F2 /* ContentView.swift */; };
		45550FD22ADD306600AD97F2 /* Assets.xcassets in Resources */ = {isa = PBXBuildFile; fileRef = 45550FD12ADD306600AD97F2 /* Assets.xcassets */; };
		45550FD52ADD306600AD97F2 /* Preview Assets.xcassets in Resources */ = {isa = PBXBuildFile; fileRef = 45550FD42ADD306600AD97F2 /* Preview Assets.xcassets */; };
		45550FDF2ADD335400AD97F2 /* GameLogic.swift in Sources */ = {isa = PBXBuildFile; fileRef = 45550FDE2ADD335400AD97F2 /* GameLogic.swift */; };
		45550FE32ADD342500AD97F2 /* SetGame.swift in Sources */ = {isa = PBXBuildFile; fileRef = 45550FE22ADD342500AD97F2 /* SetGame.swift */; };
		45550FE52ADD35B900AD97F2 /* CardView.swift in Sources */ = {isa = PBXBuildFile; fileRef = 45550FE42ADD35B900AD97F2 /* CardView.swift */; };
/* End PBXBuildFile section */

/* Begin PBXFileReference section */
		45283FBD2B0E2E940027E9A0 /* AspectVGrid.swift */ = {isa = PBXFileReference; lastKnownFileType = sourcecode.swift; path = AspectVGrid.swift; sourceTree = "<group>"; };
		45283FBF2B0E2EBF0027E9A0 /* Card.swift */ = {isa = PBXFileReference; lastKnownFileType = sourcecode.swift; path = Card.swift; sourceTree = "<group>"; };
		455489892AE00DB200EF47AF /* ShapeView.swift */ = {isa = PBXFileReference; lastKnownFileType = sourcecode.swift; path = ShapeView.swift; sourceTree = "<group>"; };
		45550FCA2ADD306500AD97F2 /* SET!.app */ = {isa = PBXFileReference; explicitFileType = wrapper.application; includeInIndex = 0; path = "SET!.app"; sourceTree = BUILT_PRODUCTS_DIR; };
		45550FCD2ADD306500AD97F2 /* SET_App.swift */ = {isa = PBXFileReference; lastKnownFileType = sourcecode.swift; path = SET_App.swift; sourceTree = "<group>"; };
		45550FCF2ADD306500AD97F2 /* ContentView.swift */ = {isa = PBXFileReference; lastKnownFileType = sourcecode.swift; path = ContentView.swift; sourceTree = "<group>"; };
		45550FD12ADD306600AD97F2 /* Assets.xcassets */ = {isa = PBXFileReference; lastKnownFileType = folder.assetcatalog; path = Assets.xcassets; sourceTree = "<group>"; };
		45550FD42ADD306600AD97F2 /* Preview Assets.xcassets */ = {isa = PBXFileReference; lastKnownFileType = folder.assetcatalog; path = "Preview Assets.xcassets"; sourceTree = "<group>"; };
		45550FDE2ADD335400AD97F2 /* GameLogic.swift */ = {isa = PBXFileReference; lastKnownFileType = sourcecode.swift; path = GameLogic.swift; sourceTree = "<group>"; };
		45550FE22ADD342500AD97F2 /* SetGame.swift */ = {isa = PBXFileReference; lastKnownFileType = sourcecode.swift; path = SetGame.swift; sourceTree = "<group>"; };
		45550FE42ADD35B900AD97F2 /* CardView.swift */ = {isa = PBXFileReference; lastKnownFileType = sourcecode.swift; path = CardView.swift; sourceTree = "<group>"; };
/* End PBXFileReference section */

/* Begin PBXFrameworksBuildPhase section */
		45550FC72ADD306500AD97F2 /* Frameworks */ = {
			isa = PBXFrameworksBuildPhase;
			buildActionMask = 2147483647;
			files = (
			);
			runOnlyForDeploymentPostprocessing = 0;
		};
/* End PBXFrameworksBuildPhase section */

/* Begin PBXGroup section */
		45550FC12ADD306500AD97F2 = {
			isa = PBXGroup;
			children = (
				45550FCC2ADD306500AD97F2 /* SET! */,
				45550FCB2ADD306500AD97F2 /* Products */,
			);
			sourceTree = "<group>";
		};
		45550FCB2ADD306500AD97F2 /* Products */ = {
			isa = PBXGroup;
			children = (
				45550FCA2ADD306500AD97F2 /* SET!.app */,
			);
			name = Products;
			sourceTree = "<group>";
		};
		45550FCC2ADD306500AD97F2 /* SET! */ = {
			isa = PBXGroup;
			children = (
				45550FCD2ADD306500AD97F2 /* SET_App.swift */,
				45550FCF2ADD306500AD97F2 /* ContentView.swift */,
				45550FE42ADD35B900AD97F2 /* CardView.swift */,
				455489892AE00DB200EF47AF /* ShapeView.swift */,
				45283FBD2B0E2E940027E9A0 /* AspectVGrid.swift */,
				45550FE12ADD340200AD97F2 /* ViewModel */,
				45550FDD2ADD32B600AD97F2 /* Model */,
				45550FD12ADD306600AD97F2 /* Assets.xcassets */,
				45550FD32ADD306600AD97F2 /* Preview Content */,
			);
			path = "SET!";
			sourceTree = "<group>";
		};
		45550FD32ADD306600AD97F2 /* Preview Content */ = {
			isa = PBXGroup;
			children = (
				45550FD42ADD306600AD97F2 /* Preview Assets.xcassets */,
			);
			path = "Preview Content";
			sourceTree = "<group>";
		};
		45550FDD2ADD32B600AD97F2 /* Model */ = {
			isa = PBXGroup;
			children = (
				45550FDE2ADD335400AD97F2 /* GameLogic.swift */,
				45283FBF2B0E2EBF0027E9A0 /* Card.swift */,
			);
			path = Model;
			sourceTree = "<group>";
		};
		45550FE12ADD340200AD97F2 /* ViewModel */ = {
			isa = PBXGroup;
			children = (
				45550FE22ADD342500AD97F2 /* SetGame.swift */,
			);
			path = ViewModel;
			sourceTree = "<group>";
		};
/* End PBXGroup section */

/* Begin PBXNativeTarget section */
		45550FC92ADD306500AD97F2 /* SET! */ = {
			isa = PBXNativeTarget;
			buildConfigurationList = 45550FD82ADD306600AD97F2 /* Build configuration list for PBXNativeTarget "SET!" */;
			buildPhases = (
				45550FC62ADD306500AD97F2 /* Sources */,
				45550FC72ADD306500AD97F2 /* Frameworks */,
				45550FC82ADD306500AD97F2 /* Resources */,
			);
			buildRules = (
			);
			dependencies = (
			);
			name = "SET!";
			productName = "SET!";
			productReference = 45550FCA2ADD306500AD97F2 /* SET!.app */;
			productType = "com.apple.product-type.application";
		};
/* End PBXNativeTarget section */

/* Begin PBXProject section */
		45550FC22ADD306500AD97F2 /* Project object */ = {
			isa = PBXProject;
			attributes = {
				BuildIndependentTargetsInParallel = 1;
				LastSwiftUpdateCheck = 1430;
				LastUpgradeCheck = 1500;
				TargetAttributes = {
					45550FC92ADD306500AD97F2 = {
						CreatedOnToolsVersion = 14.3;
					};
				};
			};
			buildConfigurationList = 45550FC52ADD306500AD97F2 /* Build configuration list for PBXProject "SET!" */;
			compatibilityVersion = "Xcode 14.0";
			developmentRegion = en;
			hasScannedForEncodings = 0;
			knownRegions = (
				en,
				Base,
			);
			mainGroup = 45550FC12ADD306500AD97F2;
			productRefGroup = 45550FCB2ADD306500AD97F2 /* Products */;
			projectDirPath = "";
			projectRoot = "";
			targets = (
				45550FC92ADD306500AD97F2 /* SET! */,
			);
		};
/* End PBXProject section */

/* Begin PBXResourcesBuildPhase section */
		45550FC82ADD306500AD97F2 /* Resources */ = {
			isa = PBXResourcesBuildPhase;
			buildActionMask = 2147483647;
			files = (
				45550FD52ADD306600AD97F2 /* Preview Assets.xcassets in Resources */,
				45550FD22ADD306600AD97F2 /* Assets.xcassets in Resources */,
			);
			runOnlyForDeploymentPostprocessing = 0;
		};
/* End PBXResourcesBuildPhase section */

/* Begin PBXSourcesBuildPhase section */
		45550FC62ADD306500AD97F2 /* Sources */ = {
			isa = PBXSourcesBuildPhase;
			buildActionMask = 2147483647;
			files = (
				45283FBE2B0E2E940027E9A0 /* AspectVGrid.swift in Sources */,
				45283FC02B0E2EBF0027E9A0 /* Card.swift in Sources */,
				45550FD02ADD306500AD97F2 /* ContentView.swift in Sources */,
				45550FDF2ADD335400AD97F2 /* GameLogic.swift in Sources */,
				45550FE32ADD342500AD97F2 /* SetGame.swift in Sources */,
				45550FCE2ADD306500AD97F2 /* SET_App.swift in Sources */,
				45550FE52ADD35B900AD97F2 /* CardView.swift in Sources */,
				4554898A2AE00DB200EF47AF /* ShapeView.swift in Sources */,
			);
			runOnlyForDeploymentPostprocessing = 0;
		};
/* End PBXSourcesBuildPhase section */

/* Begin XCBuildConfiguration section */
		45550FD62ADD306600AD97F2 /* Debug */ = {
			isa = XCBuildConfiguration;
			buildSettings = {
				ALWAYS_SEARCH_USER_PATHS = NO;
				CLANG_ANALYZER_NONNULL = YES;
				CLANG_ANALYZER_NUMBER_OBJECT_CONVERSION = YES_AGGRESSIVE;
				CLANG_CXX_LANGUAGE_STANDARD = "gnu++20";
				CLANG_ENABLE_MODULES = YES;
				CLANG_ENABLE_OBJC_ARC = YES;
				CLANG_ENABLE_OBJC_WEAK = YES;
				CLANG_WARN_BLOCK_CAPTURE_AUTORELEASING = YES;
				CLANG_WARN_BOOL_CONVERSION = YES;
				CLANG_WARN_COMMA = YES;
				CLANG_WARN_CONSTANT_CONVERSION = YES;
				CLANG_WARN_DEPRECATED_OBJC_IMPLEMENTATIONS = YES;
				CLANG_WARN_DIRECT_OBJC_ISA_USAGE = YES_ERROR;
				CLANG_WARN_DOCUMENTATION_COMMENTS = YES;
				CLANG_WARN_EMPTY_BODY = YES;
				CLANG_WARN_ENUM_CONVERSION = YES;
				CLANG_WARN_INFINITE_RECURSION = YES;
				CLANG_WARN_INT_CONVERSION = YES;
				CLANG_WARN_NON_LITERAL_NULL_CONVERSION = YES;
				CLANG_WARN_OBJC_IMPLICIT_RETAIN_SELF = YES;
				CLANG_WARN_OBJC_LITERAL_CONVERSION = YES;
				CLANG_WARN_OBJC_ROOT_CLASS = YES_ERROR;
				CLANG_WARN_QUOTED_INCLUDE_IN_FRAMEWORK_HEADER = YES;
				CLANG_WARN_RANGE_LOOP_ANALYSIS = YES;
				CLANG_WARN_STRICT_PROTOTYPES = YES;
				CLANG_WARN_SUSPICIOUS_MOVE = YES;
				CLANG_WARN_UNGUARDED_AVAILABILITY = YES_AGGRESSIVE;
				CLANG_WARN_UNREACHABLE_CODE = YES;
				CLANG_WARN__DUPLICATE_METHOD_MATCH = YES;
				COPY_PHASE_STRIP = NO;
				DEBUG_INFORMATION_FORMAT = dwarf;
				ENABLE_STRICT_OBJC_MSGSEND = YES;
				ENABLE_TESTABILITY = YES;
				ENABLE_USER_SCRIPT_SANDBOXING = YES;
				GCC_C_LANGUAGE_STANDARD = gnu11;
				GCC_DYNAMIC_NO_PIC = NO;
				GCC_NO_COMMON_BLOCKS = YES;
				GCC_OPTIMIZATION_LEVEL = 0;
				GCC_PREPROCESSOR_DEFINITIONS = (
					"DEBUG=1",
					"$(inherited)",
				);
				GCC_WARN_64_TO_32_BIT_CONVERSION = YES;
				GCC_WARN_ABOUT_RETURN_TYPE = YES_ERROR;
				GCC_WARN_UNDECLARED_SELECTOR = YES;
				GCC_WARN_UNINITIALIZED_AUTOS = YES_AGGRESSIVE;
				GCC_WARN_UNUSED_FUNCTION = YES;
				GCC_WARN_UNUSED_VARIABLE = YES;
				IPHONEOS_DEPLOYMENT_TARGET = 17.0;
				MTL_ENABLE_DEBUG_INFO = INCLUDE_SOURCE;
				MTL_FAST_MATH = YES;
				ONLY_ACTIVE_ARCH = YES;
				SDKROOT = iphoneos;
				SWIFT_ACTIVE_COMPILATION_CONDITIONS = DEBUG;
				SWIFT_OPTIMIZATION_LEVEL = "-Onone";
			};
			name = Debug;
		};
		45550FD72ADD306600AD97F2 /* Release */ = {
			isa = XCBuildConfiguration;
			buildSettings = {
				ALWAYS_SEARCH_USER_PATHS = NO;
				CLANG_ANALYZER_NONNULL = YES;
				CLANG_ANALYZER_NUMBER_OBJECT_CONVERSION = YES_AGGRESSIVE;
				CLANG_CXX_LANGUAGE_STANDARD = "gnu++20";
				CLANG_ENABLE_MODULES = YES;
				CLANG_ENABLE_OBJC_ARC = YES;
				CLANG_ENABLE_OBJC_WEAK = YES;
				CLANG_WARN_BLOCK_CAPTURE_AUTORELEASING = YES;
				CLANG_WARN_BOOL_CONVERSION = YES;
				CLANG_WARN_COMMA = YES;
				CLANG_WARN_CONSTANT_CONVERSION = YES;
				CLANG_WARN_DEPRECATED_OBJC_IMPLEMENTATIONS = YES;
				CLANG_WARN_DIRECT_OBJC_ISA_USAGE = YES_ERROR;
				CLANG_WARN_DOCUMENTATION_COMMENTS = YES;
				CLANG_WARN_EMPTY_BODY = YES;
				CLANG_WARN_ENUM_CONVERSION = YES;
				CLANG_WARN_INFINITE_RECURSION = YES;
				CLANG_WARN_INT_CONVERSION = YES;
				CLANG_WARN_NON_LITERAL_NULL_CONVERSION = YES;
				CLANG_WARN_OBJC_IMPLICIT_RETAIN_SELF = YES;
				CLANG_WARN_OBJC_LITERAL_CONVERSION = YES;
				CLANG_WARN_OBJC_ROOT_CLASS = YES_ERROR;
				CLANG_WARN_QUOTED_INCLUDE_IN_FRAMEWORK_HEADER = YES;
				CLANG_WARN_RANGE_LOOP_ANALYSIS = YES;
				CLANG_WARN_STRICT_PROTOTYPES = YES;
				CLANG_WARN_SUSPICIOUS_MOVE = YES;
				CLANG_WARN_UNGUARDED_AVAILABILITY = YES_AGGRESSIVE;
				CLANG_WARN_UNREACHABLE_CODE = YES;
				CLANG_WARN__DUPLICATE_METHOD_MATCH = YES;
				COPY_PHASE_STRIP = NO;
				DEBUG_INFORMATION_FORMAT = "dwarf-with-dsym";
				ENABLE_NS_ASSERTIONS = NO;
				ENABLE_STRICT_OBJC_MSGSEND = YES;
				ENABLE_USER_SCRIPT_SANDBOXING = YES;
				GCC_C_LANGUAGE_STANDARD = gnu11;
				GCC_NO_COMMON_BLOCKS = YES;
				GCC_WARN_64_TO_32_BIT_CONVERSION = YES;
				GCC_WARN_ABOUT_RETURN_TYPE = YES_ERROR;
				GCC_WARN_UNDECLARED_SELECTOR = YES;
				GCC_WARN_UNINITIALIZED_AUTOS = YES_AGGRESSIVE;
				GCC_WARN_UNUSED_FUNCTION = YES;
				GCC_WARN_UNUSED_VARIABLE = YES;
				IPHONEOS_DEPLOYMENT_TARGET = 17.0;
				MTL_ENABLE_DEBUG_INFO = NO;
				MTL_FAST_MATH = YES;
				SDKROOT = iphoneos;
				SWIFT_COMPILATION_MODE = wholemodule;
				SWIFT_OPTIMIZATION_LEVEL = "-O";
				VALIDATE_PRODUCT = YES;
			};
			name = Release;
		};
		45550FD92ADD306600AD97F2 /* Debug */ = {
			isa = XCBuildConfiguration;
			buildSettings = {
				ASSETCATALOG_COMPILER_APPICON_NAME = AppIcon;
				ASSETCATALOG_COMPILER_GLOBAL_ACCENT_COLOR_NAME = AccentColor;
				CODE_SIGN_STYLE = Automatic;
				CURRENT_PROJECT_VERSION = 1;
				DEVELOPMENT_ASSET_PATHS = "\"SET!/Preview Content\"";
				DEVELOPMENT_TEAM = S98C3BL8SB;
				ENABLE_PREVIEWS = YES;
				GENERATE_INFOPLIST_FILE = YES;
				INFOPLIST_KEY_UIApplicationSceneManifest_Generation = YES;
				INFOPLIST_KEY_UIApplicationSupportsIndirectInputEvents = YES;
				INFOPLIST_KEY_UILaunchScreen_Generation = YES;
				INFOPLIST_KEY_UISupportedInterfaceOrientations_iPad = "UIInterfaceOrientationPortrait UIInterfaceOrientationPortraitUpsideDown UIInterfaceOrientationLandscapeLeft UIInterfaceOrientationLandscapeRight";
				INFOPLIST_KEY_UISupportedInterfaceOrientations_iPhone = "UIInterfaceOrientationPortrait UIInterfaceOrientationLandscapeLeft UIInterfaceOrientationLandscapeRight";
				LD_RUNPATH_SEARCH_PATHS = (
					"$(inherited)",
					"@executable_path/Frameworks",
				);
				MARKETING_VERSION = 1.0;
				PRODUCT_BUNDLE_IDENTIFIER = "PeterSanyo.SET-";
				PRODUCT_NAME = "$(TARGET_NAME)";
				SWIFT_EMIT_LOC_STRINGS = YES;
				SWIFT_VERSION = 5.0;
				TARGETED_DEVICE_FAMILY = "1,2";
			};
			name = Debug;
		};
		45550FDA2ADD306600AD97F2 /* Release */ = {
			isa = XCBuildConfiguration;
			buildSettings = {
				ASSETCATALOG_COMPILER_APPICON_NAME = AppIcon;
				ASSETCATALOG_COMPILER_GLOBAL_ACCENT_COLOR_NAME = AccentColor;
				CODE_SIGN_STYLE = Automatic;
				CURRENT_PROJECT_VERSION = 1;
				DEVELOPMENT_ASSET_PATHS = "\"SET!/Preview Content\"";
				DEVELOPMENT_TEAM = S98C3BL8SB;
				ENABLE_PREVIEWS = YES;
				GENERATE_INFOPLIST_FILE = YES;
				INFOPLIST_KEY_UIApplicationSceneManifest_Generation = YES;
				INFOPLIST_KEY_UIApplicationSupportsIndirectInputEvents = YES;
				INFOPLIST_KEY_UILaunchScreen_Generation = YES;
				INFOPLIST_KEY_UISupportedInterfaceOrientations_iPad = "UIInterfaceOrientationPortrait UIInterfaceOrientationPortraitUpsideDown UIInterfaceOrientationLandscapeLeft UIInterfaceOrientationLandscapeRight";
				INFOPLIST_KEY_UISupportedInterfaceOrientations_iPhone = "UIInterfaceOrientationPortrait UIInterfaceOrientationLandscapeLeft UIInterfaceOrientationLandscapeRight";
				LD_RUNPATH_SEARCH_PATHS = (
					"$(inherited)",
					"@executable_path/Frameworks",
				);
				MARKETING_VERSION = 1.0;
				PRODUCT_BUNDLE_IDENTIFIER = "PeterSanyo.SET-";
				PRODUCT_NAME = "$(TARGET_NAME)";
				SWIFT_EMIT_LOC_STRINGS = YES;
				SWIFT_VERSION = 5.0;
				TARGETED_DEVICE_FAMILY = "1,2";
			};
			name = Release;
		};
/* End XCBuildConfiguration section */

/* Begin XCConfigurationList section */
		45550FC52ADD306500AD97F2 /* Build configuration list for PBXProject "SET!" */ = {
			isa = XCConfigurationList;
			buildConfigurations = (
				45550FD62ADD306600AD97F2 /* Debug */,
				45550FD72ADD306600AD97F2 /* Release */,
			);
			defaultConfigurationIsVisible = 0;
			defaultConfigurationName = Release;
		};
		45550FD82ADD306600AD97F2 /* Build configuration list for PBXNativeTarget "SET!" */ = {
			isa = XCConfigurationList;
			buildConfigurations = (
				45550FD92ADD306600AD97F2 /* Debug */,
				45550FDA2ADD306600AD97F2 /* Release */,
			);
			defaultConfigurationIsVisible = 0;
			defaultConfigurationName = Release;
		};
/* End XCConfigurationList section */
	};
	rootObject = 45550FC22ADD306500AD97F2 /* Project object */;
}
